<?xml version="1.0" encoding="utf-8"?>
<Project ToolsVersion="4.0" xmlns="http://schemas.microsoft.com/developer/msbuild/2003">
  <ItemGroup>
    <Filter Include="Source Files">
      <UniqueIdentifier>{4FC737F1-C7A5-4376-A066-2A32D752A2FF}</UniqueIdentifier>
      <Extensions>cpp;c;cc;cxx;c++;cppm;ixx;def;odl;idl;hpj;bat;asm;asmx</Extensions>
    </Filter>
    <Filter Include="Header Files">
      <UniqueIdentifier>{93995380-89BD-4b04-88EB-625FBE52EBFB}</UniqueIdentifier>
      <Extensions>h;hh;hpp;hxx;h++;hm;inl;inc;ipp;xsd</Extensions>
    </Filter>
    <Filter Include="Resource Files">
      <UniqueIdentifier>{67DA6AB6-F800-4c08-8B7A-83BB121AAD01}</UniqueIdentifier>
      <Extensions>rc;ico;cur;bmp;dlg;rc2;rct;bin;rgs;gif;jpg;jpeg;jpe;resx;tiff;tif;png;wav;mfcribbon-ms</Extensions>
    </Filter>
    <Filter Include="Source Files\lib">
      <UniqueIdentifier>{e21830e4-e1e1-4d83-9369-234cce5a1fab}</UniqueIdentifier>
    </Filter>
  </ItemGroup>
  <ItemGroup>
    <ClCompile Include="src\main.cpp">
      <Filter>Source Files</Filter>
    </ClCompile>
    <ClCompile Include="src\error.cpp">
      <Filter>Source Files</Filter>
    </ClCompile>
    <ClCompile Include="src\redirector.cpp">
      <Filter>Source Files</Filter>
    </ClCompile>
    <ClCompile Include="src\preedit.cpp">
      <Filter>Source Files</Filter>
    </ClCompile>
    <ClCompile Include="src\ue4.cpp">
      <Filter>Source Files</Filter>
    </ClCompile>
    <ClCompile Include="src\null_func.cpp">
      <Filter>Source Files</Filter>
    </ClCompile>
    <ClCompile Include="src\ensure_init.cpp">
      <Filter>Source Files</Filter>
    </ClCompile>
    <ClCompile Include="src\hooks.cpp">
      <Filter>Source Files</Filter>
    </ClCompile>
    <ClCompile Include="src\d3d11hook.cpp">
      <Filter>Source Files</Filter>
    </ClCompile>
    <ClCompile Include="lib\imgui\imgui.cpp">
      <Filter>Source Files\lib</Filter>
    </ClCompile>
    <ClCompile Include="lib\imgui\imgui_demo.cpp">
      <Filter>Source Files\lib</Filter>
    </ClCompile>
    <ClCompile Include="lib\imgui\imgui_draw.cpp">
      <Filter>Source Files\lib</Filter>
    </ClCompile>
    <ClCompile Include="lib\imgui\imgui_impl_dx11.cpp">
      <Filter>Source Files\lib</Filter>
    </ClCompile>
    <ClCompile Include="lib\imgui\imgui_impl_win32.cpp">
      <Filter>Source Files\lib</Filter>
    </ClCompile>
    <ClCompile Include="lib\imgui\imgui_tables.cpp">
      <Filter>Source Files\lib</Filter>
    </ClCompile>
    <ClCompile Include="lib\imgui\imgui_widgets.cpp">
      <Filter>Source Files\lib</Filter>
    </ClCompile>
    <ClCompile Include="src\gui.cpp">
      <Filter>Source Files</Filter>
    </ClCompile>
    <ClCompile Include="src\custom_fov.cpp">
      <Filter>Source Files</Filter>
    </ClCompile>
    <ClCompile Include="src\hwid.cpp">
      <Filter>Source Files</Filter>
    </ClCompile>
    <ClCompile Include="src\arena.cpp">
      <Filter>Source Files</Filter>
    </ClCompile>
  </ItemGroup>
  <ItemGroup>
    <ClInclude Include="include\main.h">
      <Filter>Header Files</Filter>
    </ClInclude>
    <ClInclude Include="include\defines.h">
      <Filter>Header Files</Filter>
    </ClInclude>
    <ClInclude Include="include\redirector.h">
      <Filter>Header Files</Filter>
    </ClInclude>
    <ClInclude Include="include\error.h">
      <Filter>Header Files</Filter>
    </ClInclude>
    <ClInclude Include="include\disable_pre_edit.h">
      <Filter>Header Files</Filter>
    </ClInclude>
    <ClInclude Include="include\ue4.h">
      <Filter>Header Files</Filter>
    </ClInclude>
    <ClInclude Include="include\null_func.h">
      <Filter>Header Files</Filter>
    </ClInclude>
    <ClInclude Include="include\raax_patch.h">
      <Filter>Header Files</Filter>
    </ClInclude>
    <ClInclude Include="include\offsets.h">
      <Filter>Header Files</Filter>
    </ClInclude>
    <ClInclude Include="include\ensure_init.h">
      <Filter>Header Files</Filter>
    </ClInclude>
    <ClInclude Include="include\hooks.h">
      <Filter>Header Files</Filter>
    </ClInclude>
    <ClInclude Include="include\d3d11_hook.h">
      <Filter>Header Files</Filter>
    </ClInclude>
    <ClInclude Include="include\gui.h">
      <Filter>Header Files</Filter>
    </ClInclude>
    <ClInclude Include="include\settings.h">
      <Filter>Header Files</Filter>
    </ClInclude>
    <ClInclude Include="include\font.h">
      <Filter>Header Files</Filter>
    </ClInclude>
    <ClInclude Include="include\custom_fov.h">
      <Filter>Header Files</Filter>
    </ClInclude>
    <ClInclude Include="include\hwid.h">
      <Filter>Header Files</Filter>
    </ClInclude>
    <ClInclude Include="include\arena.h">
      <Filter>Header Files</Filter>
    </ClInclude>
  </ItemGroup>
  <ItemGroup>
    <None Include="packages.config" />
  </ItemGroup>
</Project>